
Microsoft Visual Studio Solution File, Format Version 12.00
# Visual Studio Version 16
VisualStudioVersion = 16.0.32901.82
MinimumVisualStudioVersion = 10.0.40219.1
Project("{FAE04EC0-301F-11D3-BF4B-00C04F79EFBC}") = "football-mvc", "football-mvc\football-mvc.csproj", "{7204DC96-872D-4969-A811-BF8338652E44}"
EndProject
Global
	GlobalSection(SolutionConfigurationPlatforms) = preSolution
		Debug|Any CPU = Debug|Any CPU
		Release|Any CPU = Release|Any CPU
	EndGlobalSection
	GlobalSection(ProjectConfigurationPlatforms) = postSolution
		{7204DC96-872D-4969-A811-BF8338652E44}.Debug|Any CPU.ActiveCfg = Debug|Any CPU
		{7204DC96-872D-4969-A811-BF8338652E44}.Debug|Any CPU.Build.0 = Debug|Any CPU
		{7204DC96-872D-4969-A811-BF8338652E44}.Release|Any CPU.ActiveCfg = Release|Any CPU
		{7204DC96-872D-4969-A811-BF8338652E44}.Release|Any CPU.Build.0 = Release|Any CPU
	EndGlobalSection
	GlobalSection(SolutionProperties) = preSolution
		HideSolutionNode = FALSE
	EndGlobalSection
	GlobalSection(ExtensibilityGlobals) = postSolution
		SolutionGuid = {AAC80663-D7CE-40FD-B47D-77D6777F86F5}
	EndGlobalSection
EndGlobal
